
Microsoft Visual Studio Solution File, Format Version 11.00
# Visual Studio 2010
Project("{FAE04EC0-301F-11D3-BF4B-00C04F79EFBC}") = "Assembly-CSharp", "Assembly-CSharp.csproj", "{31e811cf-d5f6-c9bd-ed00-db4077d544bc}"
EndProject
Global
	GlobalSection(SolutionConfigurationPlatforms) = preSolution
		Debug|Any CPU = Debug|Any CPU
		Release|Any CPU = Release|Any CPU
	EndGlobalSection
	GlobalSection(ProjectConfigurationPlatforms) = postSolution
		{31e811cf-d5f6-c9bd-ed00-db4077d544bc}.Debug|Any CPU.ActiveCfg = Debug|Any CPU
		{31e811cf-d5f6-c9bd-ed00-db4077d544bc}.Debug|Any CPU.Build.0 = Debug|Any CPU
		{31e811cf-d5f6-c9bd-ed00-db4077d544bc}.Release|Any CPU.ActiveCfg = Release|Any CPU
		{31e811cf-d5f6-c9bd-ed00-db4077d544bc}.Release|Any CPU.Build.0 = Release|Any CPU
	EndGlobalSection
	GlobalSection(SolutionProperties) = preSolution
		HideSolutionNode = FALSE
	EndGlobalSection
EndGlobal
